
Microsoft Visual Studio Solution File, Format Version 12.00
Project("{2150E333-8FDC-42A3-9474-1A3956D46DE8}") = "Catalog", "Catalog", "{545D0A09-6E86-45E1-AE63-AD76DA2B7E7A}"
EndProject
Project("{FAE04EC0-301F-11D3-BF4B-00C04F79EFBC}") = "Catalog.Infrastructure", "Catalog\Catalog.Infrastructure\Catalog.Infrastructure.csproj", "{BFE9F213-D4F4-4E73-9834-068158B4D56C}"
EndProject
Project("{FAE04EC0-301F-11D3-BF4B-00C04F79EFBC}") = "Catalog.ApplicationCore", "Catalog\Catalog.ApplicationCore\Catalog.ApplicationCore.csproj", "{6EC99AE0-AEE3-4CDB-9E9C-02BA383D1EC3}"
EndProject
Project("{2150E333-8FDC-42A3-9474-1A3956D46DE8}") = "Inventory", "Inventory", "{05273636-5938-443E-A0BF-742D89A45094}"
EndProject
Project("{FAE04EC0-301F-11D3-BF4B-00C04F79EFBC}") = "Catalog.API", "Catalog\Catalog.API\Catalog.API.csproj", "{31FE365A-55A6-477D-BB10-A67FADA85900}"
EndProject
Global
	GlobalSection(SolutionConfigurationPlatforms) = preSolution
		Debug|Any CPU = Debug|Any CPU
		Release|Any CPU = Release|Any CPU
	EndGlobalSection
	GlobalSection(NestedProjects) = preSolution
		{BFE9F213-D4F4-4E73-9834-068158B4D56C} = {545D0A09-6E86-45E1-AE63-AD76DA2B7E7A}
		{6EC99AE0-AEE3-4CDB-9E9C-02BA383D1EC3} = {545D0A09-6E86-45E1-AE63-AD76DA2B7E7A}
		{31FE365A-55A6-477D-BB10-A67FADA85900} = {545D0A09-6E86-45E1-AE63-AD76DA2B7E7A}
	EndGlobalSection
	GlobalSection(ProjectConfigurationPlatforms) = postSolution
		{BFE9F213-D4F4-4E73-9834-068158B4D56C}.Debug|Any CPU.ActiveCfg = Debug|Any CPU
		{BFE9F213-D4F4-4E73-9834-068158B4D56C}.Debug|Any CPU.Build.0 = Debug|Any CPU
		{BFE9F213-D4F4-4E73-9834-068158B4D56C}.Release|Any CPU.ActiveCfg = Release|Any CPU
		{BFE9F213-D4F4-4E73-9834-068158B4D56C}.Release|Any CPU.Build.0 = Release|Any CPU
		{6EC99AE0-AEE3-4CDB-9E9C-02BA383D1EC3}.Debug|Any CPU.ActiveCfg = Debug|Any CPU
		{6EC99AE0-AEE3-4CDB-9E9C-02BA383D1EC3}.Debug|Any CPU.Build.0 = Debug|Any CPU
		{6EC99AE0-AEE3-4CDB-9E9C-02BA383D1EC3}.Release|Any CPU.ActiveCfg = Release|Any CPU
		{6EC99AE0-AEE3-4CDB-9E9C-02BA383D1EC3}.Release|Any CPU.Build.0 = Release|Any CPU
		{31FE365A-55A6-477D-BB10-A67FADA85900}.Debug|Any CPU.ActiveCfg = Debug|Any CPU
		{31FE365A-55A6-477D-BB10-A67FADA85900}.Debug|Any CPU.Build.0 = Debug|Any CPU
		{31FE365A-55A6-477D-BB10-A67FADA85900}.Release|Any CPU.ActiveCfg = Release|Any CPU
		{31FE365A-55A6-477D-BB10-A67FADA85900}.Release|Any CPU.Build.0 = Release|Any CPU
	EndGlobalSection
EndGlobal
